
Microsoft Visual Studio Solution File, Format Version 12.00
# Visual Studio Version 17
VisualStudioVersion = 17.1.32407.343
MinimumVisualStudioVersion = 10.0.40219.1
Project("{9A19103F-16F7-4668-BE54-9A1E7A4F7556}") = "TestApp", "TestApp\TestApp.csproj", "{42BB8E79-586A-47B9-A516-1EE7F116946E}"
EndProject
Project("{9A19103F-16F7-4668-BE54-9A1E7A4F7556}") = "AutoForm.Generate.Blazor", "AutoForm.Generate\AutoForm.Generate.Blazor.csproj", "{FC704548-AE94-4115-844A-0AFCBDAB3FA0}"
EndProject
Project("{9A19103F-16F7-4668-BE54-9A1E7A4F7556}") = "AutoForm", "AutoForm\AutoForm.csproj", "{FD291B60-CBB5-4F4A-AD53-9661E51C7159}"
EndProject
Project("{9A19103F-16F7-4668-BE54-9A1E7A4F7556}") = "AutoForm.Generate", "AutoForm.Generate.Source\AutoForm.Generate.csproj", "{431F69E6-13FF-4191-8A09-23A374DAE9FE}"
EndProject
Project("{9A19103F-16F7-4668-BE54-9A1E7A4F7556}") = "AutoForm.Generate.Blazor.Generator", "AutoForm.Generate.Blazor.Generator\AutoForm.Generate.Blazor.Generator.csproj", "{FD8C0717-3BA9-463C-B0AB-F2872D55FAF9}"
EndProject
Project("{9A19103F-16F7-4668-BE54-9A1E7A4F7556}") = "AutoForm.Generate.Debug.Generator", "AutoForm.Generate.Debug.Generator\AutoForm.Generate.Debug.Generator.csproj", "{4896F69F-E304-436C-B254-25EA48D842E7}"
EndProject
Project("{FAE04EC0-301F-11D3-BF4B-00C04F79EFBC}") = "AutoForm.Generate.Debug", "AutoForm.Generate.Debug\AutoForm.Generate.Debug.csproj", "{1BC35948-2DF4-42F5-A365-90FD7C03D16D}"
EndProject
Project("{FAE04EC0-301F-11D3-BF4B-00C04F79EFBC}") = "AutoForm.Generate.Aggregate.Generator", "AutoForm.Generate.Aggregate.Generator\AutoForm.Generate.Aggregate.Generator.csproj", "{903D81B8-6C2A-4E4E-9B18-5F3289B4CF14}"
EndProject
Global
	GlobalSection(SolutionConfigurationPlatforms) = preSolution
		Debug|Any CPU = Debug|Any CPU
		Release|Any CPU = Release|Any CPU
	EndGlobalSection
	GlobalSection(ProjectConfigurationPlatforms) = postSolution
		{42BB8E79-586A-47B9-A516-1EE7F116946E}.Debug|Any CPU.ActiveCfg = Debug|Any CPU
		{42BB8E79-586A-47B9-A516-1EE7F116946E}.Debug|Any CPU.Build.0 = Debug|Any CPU
		{42BB8E79-586A-47B9-A516-1EE7F116946E}.Release|Any CPU.ActiveCfg = Release|Any CPU
		{42BB8E79-586A-47B9-A516-1EE7F116946E}.Release|Any CPU.Build.0 = Release|Any CPU
		{FC704548-AE94-4115-844A-0AFCBDAB3FA0}.Debug|Any CPU.ActiveCfg = Debug|Any CPU
		{FC704548-AE94-4115-844A-0AFCBDAB3FA0}.Debug|Any CPU.Build.0 = Debug|Any CPU
		{FC704548-AE94-4115-844A-0AFCBDAB3FA0}.Release|Any CPU.ActiveCfg = Release|Any CPU
		{FC704548-AE94-4115-844A-0AFCBDAB3FA0}.Release|Any CPU.Build.0 = Release|Any CPU
		{FD291B60-CBB5-4F4A-AD53-9661E51C7159}.Debug|Any CPU.ActiveCfg = Debug|Any CPU
		{FD291B60-CBB5-4F4A-AD53-9661E51C7159}.Debug|Any CPU.Build.0 = Debug|Any CPU
		{FD291B60-CBB5-4F4A-AD53-9661E51C7159}.Release|Any CPU.ActiveCfg = Release|Any CPU
		{FD291B60-CBB5-4F4A-AD53-9661E51C7159}.Release|Any CPU.Build.0 = Release|Any CPU
		{431F69E6-13FF-4191-8A09-23A374DAE9FE}.Debug|Any CPU.ActiveCfg = Debug|Any CPU
		{431F69E6-13FF-4191-8A09-23A374DAE9FE}.Debug|Any CPU.Build.0 = Debug|Any CPU
		{431F69E6-13FF-4191-8A09-23A374DAE9FE}.Release|Any CPU.ActiveCfg = Release|Any CPU
		{431F69E6-13FF-4191-8A09-23A374DAE9FE}.Release|Any CPU.Build.0 = Release|Any CPU
		{FD8C0717-3BA9-463C-B0AB-F2872D55FAF9}.Debug|Any CPU.ActiveCfg = Debug|Any CPU
		{FD8C0717-3BA9-463C-B0AB-F2872D55FAF9}.Debug|Any CPU.Build.0 = Debug|Any CPU
		{FD8C0717-3BA9-463C-B0AB-F2872D55FAF9}.Release|Any CPU.ActiveCfg = Release|Any CPU
		{FD8C0717-3BA9-463C-B0AB-F2872D55FAF9}.Release|Any CPU.Build.0 = Release|Any CPU
		{4896F69F-E304-436C-B254-25EA48D842E7}.Debug|Any CPU.ActiveCfg = Debug|Any CPU
		{4896F69F-E304-436C-B254-25EA48D842E7}.Debug|Any CPU.Build.0 = Debug|Any CPU
		{4896F69F-E304-436C-B254-25EA48D842E7}.Release|Any CPU.ActiveCfg = Release|Any CPU
		{4896F69F-E304-436C-B254-25EA48D842E7}.Release|Any CPU.Build.0 = Release|Any CPU
		{1BC35948-2DF4-42F5-A365-90FD7C03D16D}.Debug|Any CPU.ActiveCfg = Debug|Any CPU
		{1BC35948-2DF4-42F5-A365-90FD7C03D16D}.Debug|Any CPU.Build.0 = Debug|Any CPU
		{1BC35948-2DF4-42F5-A365-90FD7C03D16D}.Release|Any CPU.ActiveCfg = Release|Any CPU
		{1BC35948-2DF4-42F5-A365-90FD7C03D16D}.Release|Any CPU.Build.0 = Release|Any CPU
		{903D81B8-6C2A-4E4E-9B18-5F3289B4CF14}.Debug|Any CPU.ActiveCfg = Debug|Any CPU
		{903D81B8-6C2A-4E4E-9B18-5F3289B4CF14}.Debug|Any CPU.Build.0 = Debug|Any CPU
		{903D81B8-6C2A-4E4E-9B18-5F3289B4CF14}.Release|Any CPU.ActiveCfg = Release|Any CPU
		{903D81B8-6C2A-4E4E-9B18-5F3289B4CF14}.Release|Any CPU.Build.0 = Release|Any CPU
	EndGlobalSection
	GlobalSection(SolutionProperties) = preSolution
		HideSolutionNode = FALSE
	EndGlobalSection
	GlobalSection(ExtensibilityGlobals) = postSolution
		SolutionGuid = {4F1B931E-E512-4401-BC44-815C8BD08864}
	EndGlobalSection
EndGlobal
