
Microsoft Visual Studio Solution File, Format Version 12.00
# Visual Studio Version 17
VisualStudioVersion = 17.1.32407.343
MinimumVisualStudioVersion = 10.0.40219.1
Project("{9A19103F-16F7-4668-BE54-9A1E7A4F7556}") = "TestApp", "TestApp\TestApp.csproj", "{42BB8E79-586A-47B9-A516-1EE7F116946E}"
EndProject
Project("{9A19103F-16F7-4668-BE54-9A1E7A4F7556}") = "AutoForm.Generate.Blazor", "AutoForm.Generate\AutoForm.Generate.Blazor.csproj", "{FC704548-AE94-4115-844A-0AFCBDAB3FA0}"
EndProject
Project("{9A19103F-16F7-4668-BE54-9A1E7A4F7556}") = "AutoForm", "AutoForm\AutoForm.csproj", "{FD291B60-CBB5-4F4A-AD53-9661E51C7159}"
EndProject
Project("{9A19103F-16F7-4668-BE54-9A1E7A4F7556}") = "AutoForm.Generate", "AutoForm.Generate.Source\AutoForm.Generate.csproj", "{431F69E6-13FF-4191-8A09-23A374DAE9FE}"
EndProject
Project("{FAE04EC0-301F-11D3-BF4B-00C04F79EFBC}") = "DebugGenerator", "ConsoleGenerator\DebugGenerator.csproj", "{E140BC08-ABFD-40DF-90CC-EC7BD76A685E}"
EndProject
Global
	GlobalSection(SolutionConfigurationPlatforms) = preSolution
		Debug|Any CPU = Debug|Any CPU
		Release|Any CPU = Release|Any CPU
	EndGlobalSection
	GlobalSection(ProjectConfigurationPlatforms) = postSolution
		{42BB8E79-586A-47B9-A516-1EE7F116946E}.Debug|Any CPU.ActiveCfg = Debug|Any CPU
		{42BB8E79-586A-47B9-A516-1EE7F116946E}.Debug|Any CPU.Build.0 = Debug|Any CPU
		{42BB8E79-586A-47B9-A516-1EE7F116946E}.Release|Any CPU.ActiveCfg = Release|Any CPU
		{42BB8E79-586A-47B9-A516-1EE7F116946E}.Release|Any CPU.Build.0 = Release|Any CPU
		{FC704548-AE94-4115-844A-0AFCBDAB3FA0}.Debug|Any CPU.ActiveCfg = Debug|Any CPU
		{FC704548-AE94-4115-844A-0AFCBDAB3FA0}.Debug|Any CPU.Build.0 = Debug|Any CPU
		{FC704548-AE94-4115-844A-0AFCBDAB3FA0}.Release|Any CPU.ActiveCfg = Release|Any CPU
		{FC704548-AE94-4115-844A-0AFCBDAB3FA0}.Release|Any CPU.Build.0 = Release|Any CPU
		{FD291B60-CBB5-4F4A-AD53-9661E51C7159}.Debug|Any CPU.ActiveCfg = Debug|Any CPU
		{FD291B60-CBB5-4F4A-AD53-9661E51C7159}.Debug|Any CPU.Build.0 = Debug|Any CPU
		{FD291B60-CBB5-4F4A-AD53-9661E51C7159}.Release|Any CPU.ActiveCfg = Release|Any CPU
		{FD291B60-CBB5-4F4A-AD53-9661E51C7159}.Release|Any CPU.Build.0 = Release|Any CPU
		{431F69E6-13FF-4191-8A09-23A374DAE9FE}.Debug|Any CPU.ActiveCfg = Debug|Any CPU
		{431F69E6-13FF-4191-8A09-23A374DAE9FE}.Debug|Any CPU.Build.0 = Debug|Any CPU
		{431F69E6-13FF-4191-8A09-23A374DAE9FE}.Release|Any CPU.ActiveCfg = Release|Any CPU
		{431F69E6-13FF-4191-8A09-23A374DAE9FE}.Release|Any CPU.Build.0 = Release|Any CPU
		{E140BC08-ABFD-40DF-90CC-EC7BD76A685E}.Debug|Any CPU.ActiveCfg = Debug|Any CPU
		{E140BC08-ABFD-40DF-90CC-EC7BD76A685E}.Debug|Any CPU.Build.0 = Debug|Any CPU
		{E140BC08-ABFD-40DF-90CC-EC7BD76A685E}.Release|Any CPU.ActiveCfg = Release|Any CPU
		{E140BC08-ABFD-40DF-90CC-EC7BD76A685E}.Release|Any CPU.Build.0 = Release|Any CPU
	EndGlobalSection
	GlobalSection(SolutionProperties) = preSolution
		HideSolutionNode = FALSE
	EndGlobalSection
	GlobalSection(ExtensibilityGlobals) = postSolution
		SolutionGuid = {4F1B931E-E512-4401-BC44-815C8BD08864}
	EndGlobalSection
EndGlobal
